{
	"name": "@alt-sdk/sdk",
	"version": "1.0.1",
	"lockfileVersion": 1,
	"requires": true,
	"dependencies": {
		"axios": {
			"version": "0.21.1",
			"resolved": "https://r.cnpmjs.org/axios/download/axios-0.21.1.tgz",
			"integrity": "sha1-IlY0gZYvTWvemnbVFu8OXTwJsrg=",
			"requires": {
				"follow-redirects": "^1.10.0"
			}
		},
		"follow-redirects": {
			"version": "1.13.2",
			"resolved": "https://r.cnpmjs.org/follow-redirects/download/follow-redirects-1.13.2.tgz",
			"integrity": "sha1-3XPI7/wScoulz0JZ12DqX7g+MUc="
		},
		"typescript": {
			"version": "4.1.5",
			"resolved": "https://r.cnpmjs.org/typescript/download/typescript-4.1.5.tgz",
			"integrity": "sha1-Ejo7IUqv874ykm8Njx9ucE64mnI=",
			"dev": true
		}
	}
}
